
Microsoft Visual Studio Solution File, Format Version 12.00
# Visual Studio 15
VisualStudioVersion = 15.0.28307.645
MinimumVisualStudioVersion = 10.0.40219.1
Project("{9A19103F-16F7-4668-BE54-9A1E7A4F7556}") = "Fibo.App.First", "Fibo.App.First\Fibo.App.First.csproj", "{1EC34C61-D254-4307-AB9C-35A2FADDAC04}"
EndProject
Project("{9A19103F-16F7-4668-BE54-9A1E7A4F7556}") = "Fibo.Common.Contracts", "Fibo.Common.Conracts\Fibo.Common.Contracts.csproj", "{13456216-A898-4C17-B40C-39759B479EC9}"
EndProject
Project("{2150E333-8FDC-42A3-9474-1A3956D46DE8}") = "Fibo.App", "Fibo.App", "{B2E7A370-9E18-407B-871B-06788182F80C}"
EndProject
Project("{2150E333-8FDC-42A3-9474-1A3956D46DE8}") = "Fibo.Business", "Fibo.Business", "{3D8B4D62-1F6F-4750-A51A-A1330827EBB4}"
EndProject
Project("{9A19103F-16F7-4668-BE54-9A1E7A4F7556}") = "Fibo.Business.Interfaces", "Fibo.Business.Interfaces\Fibo.Business.Interfaces.csproj", "{6256BD8C-0024-4EFF-B7F0-E2E51DE340E0}"
EndProject
Project("{9A19103F-16F7-4668-BE54-9A1E7A4F7556}") = "Fibo.Business.Impl", "Fibo.Business.Impl\Fibo.Business.Impl.csproj", "{D392EB51-2EE4-4E0E-ACCF-8D00FC4DBDEC}"
EndProject
Project("{2150E333-8FDC-42A3-9474-1A3956D46DE8}") = "Fibo.Common", "Fibo.Common", "{1F4BD6B3-6896-420B-94A5-DD253E46B00F}"
EndProject
Project("{9A19103F-16F7-4668-BE54-9A1E7A4F7556}") = "Fibo.App.Second", "Fibo.App.Second\Fibo.App.Second.csproj", "{17B5FA6C-144A-4F83-880B-D6AFA24BD856}"
EndProject
Project("{2150E333-8FDC-42A3-9474-1A3956D46DE8}") = "Tests", "Tests", "{4DE1A58F-D95F-4A7B-98B1-046A643FEEA0}"
EndProject
Project("{9A19103F-16F7-4668-BE54-9A1E7A4F7556}") = "Fibo.Business.Impl.Tests", "..\tests\Fibo.Business.Impl.Tests\Fibo.Business.Impl.Tests.csproj", "{849FC868-4488-48C9-B43C-F2CD6D340EE3}"
EndProject
Project("{2150E333-8FDC-42A3-9474-1A3956D46DE8}") = "Fibo.Business", "Fibo.Business", "{A58A4291-CF00-4DF5-AF09-502AD2D33F8F}"
EndProject
Project("{2150E333-8FDC-42A3-9474-1A3956D46DE8}") = "Fibo.App", "Fibo.App", "{F1FB7DFA-339B-44F4-9D20-394044E97B94}"
EndProject
Project("{9A19103F-16F7-4668-BE54-9A1E7A4F7556}") = "Fibo.App.First.Tests", "..\tests\Fibo.App.First.Tests\Fibo.App.First.Tests.csproj", "{8A217C17-7A46-4053-8BBD-A7C2D30D3751}"
EndProject
Project("{9A19103F-16F7-4668-BE54-9A1E7A4F7556}") = "Fibo.App.Second.Tests", "Fibo.App.Second.Tests\Fibo.App.Second.Tests.csproj", "{06E79D02-3857-4C83-AA3F-69DEB3B1EA97}"
EndProject
Global
	GlobalSection(SolutionConfigurationPlatforms) = preSolution
		Debug|Any CPU = Debug|Any CPU
		Release|Any CPU = Release|Any CPU
	EndGlobalSection
	GlobalSection(ProjectConfigurationPlatforms) = postSolution
		{1EC34C61-D254-4307-AB9C-35A2FADDAC04}.Debug|Any CPU.ActiveCfg = Debug|Any CPU
		{1EC34C61-D254-4307-AB9C-35A2FADDAC04}.Debug|Any CPU.Build.0 = Debug|Any CPU
		{1EC34C61-D254-4307-AB9C-35A2FADDAC04}.Release|Any CPU.ActiveCfg = Release|Any CPU
		{1EC34C61-D254-4307-AB9C-35A2FADDAC04}.Release|Any CPU.Build.0 = Release|Any CPU
		{13456216-A898-4C17-B40C-39759B479EC9}.Debug|Any CPU.ActiveCfg = Debug|Any CPU
		{13456216-A898-4C17-B40C-39759B479EC9}.Debug|Any CPU.Build.0 = Debug|Any CPU
		{13456216-A898-4C17-B40C-39759B479EC9}.Release|Any CPU.ActiveCfg = Release|Any CPU
		{13456216-A898-4C17-B40C-39759B479EC9}.Release|Any CPU.Build.0 = Release|Any CPU
		{6256BD8C-0024-4EFF-B7F0-E2E51DE340E0}.Debug|Any CPU.ActiveCfg = Debug|Any CPU
		{6256BD8C-0024-4EFF-B7F0-E2E51DE340E0}.Debug|Any CPU.Build.0 = Debug|Any CPU
		{6256BD8C-0024-4EFF-B7F0-E2E51DE340E0}.Release|Any CPU.ActiveCfg = Release|Any CPU
		{6256BD8C-0024-4EFF-B7F0-E2E51DE340E0}.Release|Any CPU.Build.0 = Release|Any CPU
		{D392EB51-2EE4-4E0E-ACCF-8D00FC4DBDEC}.Debug|Any CPU.ActiveCfg = Debug|Any CPU
		{D392EB51-2EE4-4E0E-ACCF-8D00FC4DBDEC}.Debug|Any CPU.Build.0 = Debug|Any CPU
		{D392EB51-2EE4-4E0E-ACCF-8D00FC4DBDEC}.Release|Any CPU.ActiveCfg = Release|Any CPU
		{D392EB51-2EE4-4E0E-ACCF-8D00FC4DBDEC}.Release|Any CPU.Build.0 = Release|Any CPU
		{17B5FA6C-144A-4F83-880B-D6AFA24BD856}.Debug|Any CPU.ActiveCfg = Debug|Any CPU
		{17B5FA6C-144A-4F83-880B-D6AFA24BD856}.Debug|Any CPU.Build.0 = Debug|Any CPU
		{17B5FA6C-144A-4F83-880B-D6AFA24BD856}.Release|Any CPU.ActiveCfg = Release|Any CPU
		{17B5FA6C-144A-4F83-880B-D6AFA24BD856}.Release|Any CPU.Build.0 = Release|Any CPU
		{849FC868-4488-48C9-B43C-F2CD6D340EE3}.Debug|Any CPU.ActiveCfg = Debug|Any CPU
		{849FC868-4488-48C9-B43C-F2CD6D340EE3}.Debug|Any CPU.Build.0 = Debug|Any CPU
		{849FC868-4488-48C9-B43C-F2CD6D340EE3}.Release|Any CPU.ActiveCfg = Release|Any CPU
		{849FC868-4488-48C9-B43C-F2CD6D340EE3}.Release|Any CPU.Build.0 = Release|Any CPU
		{8A217C17-7A46-4053-8BBD-A7C2D30D3751}.Debug|Any CPU.ActiveCfg = Debug|Any CPU
		{8A217C17-7A46-4053-8BBD-A7C2D30D3751}.Debug|Any CPU.Build.0 = Debug|Any CPU
		{8A217C17-7A46-4053-8BBD-A7C2D30D3751}.Release|Any CPU.ActiveCfg = Release|Any CPU
		{8A217C17-7A46-4053-8BBD-A7C2D30D3751}.Release|Any CPU.Build.0 = Release|Any CPU
		{06E79D02-3857-4C83-AA3F-69DEB3B1EA97}.Debug|Any CPU.ActiveCfg = Debug|Any CPU
		{06E79D02-3857-4C83-AA3F-69DEB3B1EA97}.Debug|Any CPU.Build.0 = Debug|Any CPU
		{06E79D02-3857-4C83-AA3F-69DEB3B1EA97}.Release|Any CPU.ActiveCfg = Release|Any CPU
		{06E79D02-3857-4C83-AA3F-69DEB3B1EA97}.Release|Any CPU.Build.0 = Release|Any CPU
	EndGlobalSection
	GlobalSection(SolutionProperties) = preSolution
		HideSolutionNode = FALSE
	EndGlobalSection
	GlobalSection(NestedProjects) = preSolution
		{1EC34C61-D254-4307-AB9C-35A2FADDAC04} = {B2E7A370-9E18-407B-871B-06788182F80C}
		{13456216-A898-4C17-B40C-39759B479EC9} = {1F4BD6B3-6896-420B-94A5-DD253E46B00F}
		{6256BD8C-0024-4EFF-B7F0-E2E51DE340E0} = {3D8B4D62-1F6F-4750-A51A-A1330827EBB4}
		{D392EB51-2EE4-4E0E-ACCF-8D00FC4DBDEC} = {3D8B4D62-1F6F-4750-A51A-A1330827EBB4}
		{17B5FA6C-144A-4F83-880B-D6AFA24BD856} = {B2E7A370-9E18-407B-871B-06788182F80C}
		{849FC868-4488-48C9-B43C-F2CD6D340EE3} = {A58A4291-CF00-4DF5-AF09-502AD2D33F8F}
		{A58A4291-CF00-4DF5-AF09-502AD2D33F8F} = {4DE1A58F-D95F-4A7B-98B1-046A643FEEA0}
		{F1FB7DFA-339B-44F4-9D20-394044E97B94} = {4DE1A58F-D95F-4A7B-98B1-046A643FEEA0}
		{8A217C17-7A46-4053-8BBD-A7C2D30D3751} = {F1FB7DFA-339B-44F4-9D20-394044E97B94}
		{06E79D02-3857-4C83-AA3F-69DEB3B1EA97} = {F1FB7DFA-339B-44F4-9D20-394044E97B94}
	EndGlobalSection
	GlobalSection(ExtensibilityGlobals) = postSolution
		SolutionGuid = {990ACFB9-4193-4063-A03D-151AE679E561}
	EndGlobalSection
EndGlobal
